
Microsoft Visual Studio Solution File, Format Version 12.00
# Visual Studio Version 16
VisualStudioVersion = 16.0.30413.136
MinimumVisualStudioVersion = 10.0.40219.1
Project("{FAE04EC0-301F-11D3-BF4B-00C04F79EFBC}") = "AppIndustrial.Android", "AppIndustrial\AppIndustrial.Android\AppIndustrial.Android.csproj", "{227612A2-ED21-48DC-84D4-1127AF44343B}"
EndProject
Project("{FAE04EC0-301F-11D3-BF4B-00C04F79EFBC}") = "AppIndustrial.iOS", "AppIndustrial\AppIndustrial.iOS\AppIndustrial.iOS.csproj", "{18B98BB5-C97B-494E-ACA4-3C0E0B3CAFE2}"
EndProject
Project("{FAE04EC0-301F-11D3-BF4B-00C04F79EFBC}") = "AppIndustrial", "AppIndustrial\AppIndustrial\AppIndustrial.csproj", "{3B44250E-D45A-4AC8-A505-F04EA794F089}"
EndProject
Global
	GlobalSection(SolutionConfigurationPlatforms) = preSolution
		Debug|Any CPU = Debug|Any CPU
		Debug|iPhone = Debug|iPhone
		Debug|iPhoneSimulator = Debug|iPhoneSimulator
		Release|Any CPU = Release|Any CPU
		Release|iPhone = Release|iPhone
		Release|iPhoneSimulator = Release|iPhoneSimulator
	EndGlobalSection
	GlobalSection(ProjectConfigurationPlatforms) = postSolution
		{227612A2-ED21-48DC-84D4-1127AF44343B}.Debug|Any CPU.ActiveCfg = Debug|Any CPU
		{227612A2-ED21-48DC-84D4-1127AF44343B}.Debug|Any CPU.Build.0 = Debug|Any CPU
		{227612A2-ED21-48DC-84D4-1127AF44343B}.Debug|Any CPU.Deploy.0 = Debug|Any CPU
		{227612A2-ED21-48DC-84D4-1127AF44343B}.Debug|iPhone.ActiveCfg = Debug|Any CPU
		{227612A2-ED21-48DC-84D4-1127AF44343B}.Debug|iPhone.Build.0 = Debug|Any CPU
		{227612A2-ED21-48DC-84D4-1127AF44343B}.Debug|iPhone.Deploy.0 = Debug|Any CPU
		{227612A2-ED21-48DC-84D4-1127AF44343B}.Debug|iPhoneSimulator.ActiveCfg = Debug|Any CPU
		{227612A2-ED21-48DC-84D4-1127AF44343B}.Debug|iPhoneSimulator.Build.0 = Debug|Any CPU
		{227612A2-ED21-48DC-84D4-1127AF44343B}.Debug|iPhoneSimulator.Deploy.0 = Debug|Any CPU
		{227612A2-ED21-48DC-84D4-1127AF44343B}.Release|Any CPU.ActiveCfg = Release|Any CPU
		{227612A2-ED21-48DC-84D4-1127AF44343B}.Release|Any CPU.Build.0 = Release|Any CPU
		{227612A2-ED21-48DC-84D4-1127AF44343B}.Release|Any CPU.Deploy.0 = Release|Any CPU
		{227612A2-ED21-48DC-84D4-1127AF44343B}.Release|iPhone.ActiveCfg = Release|Any CPU
		{227612A2-ED21-48DC-84D4-1127AF44343B}.Release|iPhone.Build.0 = Release|Any CPU
		{227612A2-ED21-48DC-84D4-1127AF44343B}.Release|iPhone.Deploy.0 = Release|Any CPU
		{227612A2-ED21-48DC-84D4-1127AF44343B}.Release|iPhoneSimulator.ActiveCfg = Release|Any CPU
		{227612A2-ED21-48DC-84D4-1127AF44343B}.Release|iPhoneSimulator.Build.0 = Release|Any CPU
		{227612A2-ED21-48DC-84D4-1127AF44343B}.Release|iPhoneSimulator.Deploy.0 = Release|Any CPU
		{18B98BB5-C97B-494E-ACA4-3C0E0B3CAFE2}.Debug|Any CPU.ActiveCfg = Debug|iPhone
		{18B98BB5-C97B-494E-ACA4-3C0E0B3CAFE2}.Debug|Any CPU.Build.0 = Debug|iPhone
		{18B98BB5-C97B-494E-ACA4-3C0E0B3CAFE2}.Debug|Any CPU.Deploy.0 = Debug|iPhone
		{18B98BB5-C97B-494E-ACA4-3C0E0B3CAFE2}.Debug|iPhone.ActiveCfg = Debug|iPhone
		{18B98BB5-C97B-494E-ACA4-3C0E0B3CAFE2}.Debug|iPhone.Build.0 = Debug|iPhone
		{18B98BB5-C97B-494E-ACA4-3C0E0B3CAFE2}.Debug|iPhone.Deploy.0 = Debug|iPhone
		{18B98BB5-C97B-494E-ACA4-3C0E0B3CAFE2}.Debug|iPhoneSimulator.ActiveCfg = Debug|iPhoneSimulator
		{18B98BB5-C97B-494E-ACA4-3C0E0B3CAFE2}.Debug|iPhoneSimulator.Build.0 = Debug|iPhoneSimulator
		{18B98BB5-C97B-494E-ACA4-3C0E0B3CAFE2}.Debug|iPhoneSimulator.Deploy.0 = Debug|iPhoneSimulator
		{18B98BB5-C97B-494E-ACA4-3C0E0B3CAFE2}.Release|Any CPU.ActiveCfg = Release|iPhone
		{18B98BB5-C97B-494E-ACA4-3C0E0B3CAFE2}.Release|Any CPU.Build.0 = Release|iPhone
		{18B98BB5-C97B-494E-ACA4-3C0E0B3CAFE2}.Release|Any CPU.Deploy.0 = Release|iPhone
		{18B98BB5-C97B-494E-ACA4-3C0E0B3CAFE2}.Release|iPhone.ActiveCfg = Release|iPhone
		{18B98BB5-C97B-494E-ACA4-3C0E0B3CAFE2}.Release|iPhone.Build.0 = Release|iPhone
		{18B98BB5-C97B-494E-ACA4-3C0E0B3CAFE2}.Release|iPhone.Deploy.0 = Release|iPhone
		{18B98BB5-C97B-494E-ACA4-3C0E0B3CAFE2}.Release|iPhoneSimulator.ActiveCfg = Release|iPhoneSimulator
		{18B98BB5-C97B-494E-ACA4-3C0E0B3CAFE2}.Release|iPhoneSimulator.Build.0 = Release|iPhoneSimulator
		{18B98BB5-C97B-494E-ACA4-3C0E0B3CAFE2}.Release|iPhoneSimulator.Deploy.0 = Release|iPhoneSimulator
		{3B44250E-D45A-4AC8-A505-F04EA794F089}.Debug|Any CPU.ActiveCfg = Debug|Any CPU
		{3B44250E-D45A-4AC8-A505-F04EA794F089}.Debug|Any CPU.Build.0 = Debug|Any CPU
		{3B44250E-D45A-4AC8-A505-F04EA794F089}.Debug|Any CPU.Deploy.0 = Debug|Any CPU
		{3B44250E-D45A-4AC8-A505-F04EA794F089}.Debug|iPhone.ActiveCfg = Debug|Any CPU
		{3B44250E-D45A-4AC8-A505-F04EA794F089}.Debug|iPhone.Build.0 = Debug|Any CPU
		{3B44250E-D45A-4AC8-A505-F04EA794F089}.Debug|iPhone.Deploy.0 = Debug|Any CPU
		{3B44250E-D45A-4AC8-A505-F04EA794F089}.Debug|iPhoneSimulator.ActiveCfg = Debug|Any CPU
		{3B44250E-D45A-4AC8-A505-F04EA794F089}.Debug|iPhoneSimulator.Build.0 = Debug|Any CPU
		{3B44250E-D45A-4AC8-A505-F04EA794F089}.Debug|iPhoneSimulator.Deploy.0 = Debug|Any CPU
		{3B44250E-D45A-4AC8-A505-F04EA794F089}.Release|Any CPU.ActiveCfg = Release|Any CPU
		{3B44250E-D45A-4AC8-A505-F04EA794F089}.Release|Any CPU.Build.0 = Release|Any CPU
		{3B44250E-D45A-4AC8-A505-F04EA794F089}.Release|Any CPU.Deploy.0 = Release|Any CPU
		{3B44250E-D45A-4AC8-A505-F04EA794F089}.Release|iPhone.ActiveCfg = Release|Any CPU
		{3B44250E-D45A-4AC8-A505-F04EA794F089}.Release|iPhone.Build.0 = Release|Any CPU
		{3B44250E-D45A-4AC8-A505-F04EA794F089}.Release|iPhone.Deploy.0 = Release|Any CPU
		{3B44250E-D45A-4AC8-A505-F04EA794F089}.Release|iPhoneSimulator.ActiveCfg = Release|Any CPU
		{3B44250E-D45A-4AC8-A505-F04EA794F089}.Release|iPhoneSimulator.Build.0 = Release|Any CPU
		{3B44250E-D45A-4AC8-A505-F04EA794F089}.Release|iPhoneSimulator.Deploy.0 = Release|Any CPU
	EndGlobalSection
	GlobalSection(SolutionProperties) = preSolution
		HideSolutionNode = FALSE
	EndGlobalSection
	GlobalSection(ExtensibilityGlobals) = postSolution
		SolutionGuid = {A58AB540-29E6-4BA3-8CB3-378203DAA32E}
	EndGlobalSection
EndGlobal
