
Microsoft Visual Studio Solution File, Format Version 12.00
# Visual Studio Version 16
VisualStudioVersion = 16.0.30413.136
MinimumVisualStudioVersion = 10.0.40219.1
Project("{FAE04EC0-301F-11D3-BF4B-00C04F79EFBC}") = "AppIndustrial.Android", "AppIndustrial\AppIndustrial.Android\AppIndustrial.Android.csproj", "{8854C968-7F5B-4F76-AC73-309AD1DD096C}"
EndProject
Project("{FAE04EC0-301F-11D3-BF4B-00C04F79EFBC}") = "AppIndustrial.iOS", "AppIndustrial\AppIndustrial.iOS\AppIndustrial.iOS.csproj", "{4C2B457B-5860-4173-A1F5-87E2802F2AFE}"
EndProject
Project("{FAE04EC0-301F-11D3-BF4B-00C04F79EFBC}") = "AppIndustrial", "AppIndustrial\AppIndustrial\AppIndustrial.csproj", "{96635941-7777-40FB-B67B-1D93DEA5FD47}"
EndProject
Global
	GlobalSection(SolutionConfigurationPlatforms) = preSolution
		Debug|Any CPU = Debug|Any CPU
		Debug|iPhone = Debug|iPhone
		Debug|iPhoneSimulator = Debug|iPhoneSimulator
		Release|Any CPU = Release|Any CPU
		Release|iPhone = Release|iPhone
		Release|iPhoneSimulator = Release|iPhoneSimulator
	EndGlobalSection
	GlobalSection(ProjectConfigurationPlatforms) = postSolution
		{8854C968-7F5B-4F76-AC73-309AD1DD096C}.Debug|Any CPU.ActiveCfg = Debug|Any CPU
		{8854C968-7F5B-4F76-AC73-309AD1DD096C}.Debug|Any CPU.Build.0 = Debug|Any CPU
		{8854C968-7F5B-4F76-AC73-309AD1DD096C}.Debug|Any CPU.Deploy.0 = Debug|Any CPU
		{8854C968-7F5B-4F76-AC73-309AD1DD096C}.Debug|iPhone.ActiveCfg = Debug|Any CPU
		{8854C968-7F5B-4F76-AC73-309AD1DD096C}.Debug|iPhone.Build.0 = Debug|Any CPU
		{8854C968-7F5B-4F76-AC73-309AD1DD096C}.Debug|iPhone.Deploy.0 = Debug|Any CPU
		{8854C968-7F5B-4F76-AC73-309AD1DD096C}.Debug|iPhoneSimulator.ActiveCfg = Debug|Any CPU
		{8854C968-7F5B-4F76-AC73-309AD1DD096C}.Debug|iPhoneSimulator.Build.0 = Debug|Any CPU
		{8854C968-7F5B-4F76-AC73-309AD1DD096C}.Debug|iPhoneSimulator.Deploy.0 = Debug|Any CPU
		{8854C968-7F5B-4F76-AC73-309AD1DD096C}.Release|Any CPU.ActiveCfg = Release|Any CPU
		{8854C968-7F5B-4F76-AC73-309AD1DD096C}.Release|Any CPU.Build.0 = Release|Any CPU
		{8854C968-7F5B-4F76-AC73-309AD1DD096C}.Release|Any CPU.Deploy.0 = Release|Any CPU
		{8854C968-7F5B-4F76-AC73-309AD1DD096C}.Release|iPhone.ActiveCfg = Release|Any CPU
		{8854C968-7F5B-4F76-AC73-309AD1DD096C}.Release|iPhone.Build.0 = Release|Any CPU
		{8854C968-7F5B-4F76-AC73-309AD1DD096C}.Release|iPhone.Deploy.0 = Release|Any CPU
		{8854C968-7F5B-4F76-AC73-309AD1DD096C}.Release|iPhoneSimulator.ActiveCfg = Release|Any CPU
		{8854C968-7F5B-4F76-AC73-309AD1DD096C}.Release|iPhoneSimulator.Build.0 = Release|Any CPU
		{8854C968-7F5B-4F76-AC73-309AD1DD096C}.Release|iPhoneSimulator.Deploy.0 = Release|Any CPU
		{4C2B457B-5860-4173-A1F5-87E2802F2AFE}.Debug|Any CPU.ActiveCfg = Debug|iPhone
		{4C2B457B-5860-4173-A1F5-87E2802F2AFE}.Debug|Any CPU.Build.0 = Debug|iPhone
		{4C2B457B-5860-4173-A1F5-87E2802F2AFE}.Debug|Any CPU.Deploy.0 = Debug|iPhone
		{4C2B457B-5860-4173-A1F5-87E2802F2AFE}.Debug|iPhone.ActiveCfg = Debug|iPhone
		{4C2B457B-5860-4173-A1F5-87E2802F2AFE}.Debug|iPhone.Build.0 = Debug|iPhone
		{4C2B457B-5860-4173-A1F5-87E2802F2AFE}.Debug|iPhone.Deploy.0 = Debug|iPhone
		{4C2B457B-5860-4173-A1F5-87E2802F2AFE}.Debug|iPhoneSimulator.ActiveCfg = Debug|iPhoneSimulator
		{4C2B457B-5860-4173-A1F5-87E2802F2AFE}.Debug|iPhoneSimulator.Build.0 = Debug|iPhoneSimulator
		{4C2B457B-5860-4173-A1F5-87E2802F2AFE}.Debug|iPhoneSimulator.Deploy.0 = Debug|iPhoneSimulator
		{4C2B457B-5860-4173-A1F5-87E2802F2AFE}.Release|Any CPU.ActiveCfg = Release|iPhone
		{4C2B457B-5860-4173-A1F5-87E2802F2AFE}.Release|Any CPU.Build.0 = Release|iPhone
		{4C2B457B-5860-4173-A1F5-87E2802F2AFE}.Release|Any CPU.Deploy.0 = Release|iPhone
		{4C2B457B-5860-4173-A1F5-87E2802F2AFE}.Release|iPhone.ActiveCfg = Release|iPhone
		{4C2B457B-5860-4173-A1F5-87E2802F2AFE}.Release|iPhone.Build.0 = Release|iPhone
		{4C2B457B-5860-4173-A1F5-87E2802F2AFE}.Release|iPhone.Deploy.0 = Release|iPhone
		{4C2B457B-5860-4173-A1F5-87E2802F2AFE}.Release|iPhoneSimulator.ActiveCfg = Release|iPhoneSimulator
		{4C2B457B-5860-4173-A1F5-87E2802F2AFE}.Release|iPhoneSimulator.Build.0 = Release|iPhoneSimulator
		{4C2B457B-5860-4173-A1F5-87E2802F2AFE}.Release|iPhoneSimulator.Deploy.0 = Release|iPhoneSimulator
		{96635941-7777-40FB-B67B-1D93DEA5FD47}.Debug|Any CPU.ActiveCfg = Debug|Any CPU
		{96635941-7777-40FB-B67B-1D93DEA5FD47}.Debug|Any CPU.Build.0 = Debug|Any CPU
		{96635941-7777-40FB-B67B-1D93DEA5FD47}.Debug|Any CPU.Deploy.0 = Debug|Any CPU
		{96635941-7777-40FB-B67B-1D93DEA5FD47}.Debug|iPhone.ActiveCfg = Debug|Any CPU
		{96635941-7777-40FB-B67B-1D93DEA5FD47}.Debug|iPhone.Build.0 = Debug|Any CPU
		{96635941-7777-40FB-B67B-1D93DEA5FD47}.Debug|iPhone.Deploy.0 = Debug|Any CPU
		{96635941-7777-40FB-B67B-1D93DEA5FD47}.Debug|iPhoneSimulator.ActiveCfg = Debug|Any CPU
		{96635941-7777-40FB-B67B-1D93DEA5FD47}.Debug|iPhoneSimulator.Build.0 = Debug|Any CPU
		{96635941-7777-40FB-B67B-1D93DEA5FD47}.Debug|iPhoneSimulator.Deploy.0 = Debug|Any CPU
		{96635941-7777-40FB-B67B-1D93DEA5FD47}.Release|Any CPU.ActiveCfg = Release|Any CPU
		{96635941-7777-40FB-B67B-1D93DEA5FD47}.Release|Any CPU.Build.0 = Release|Any CPU
		{96635941-7777-40FB-B67B-1D93DEA5FD47}.Release|Any CPU.Deploy.0 = Release|Any CPU
		{96635941-7777-40FB-B67B-1D93DEA5FD47}.Release|iPhone.ActiveCfg = Release|Any CPU
		{96635941-7777-40FB-B67B-1D93DEA5FD47}.Release|iPhone.Build.0 = Release|Any CPU
		{96635941-7777-40FB-B67B-1D93DEA5FD47}.Release|iPhone.Deploy.0 = Release|Any CPU
		{96635941-7777-40FB-B67B-1D93DEA5FD47}.Release|iPhoneSimulator.ActiveCfg = Release|Any CPU
		{96635941-7777-40FB-B67B-1D93DEA5FD47}.Release|iPhoneSimulator.Build.0 = Release|Any CPU
		{96635941-7777-40FB-B67B-1D93DEA5FD47}.Release|iPhoneSimulator.Deploy.0 = Release|Any CPU
	EndGlobalSection
	GlobalSection(SolutionProperties) = preSolution
		HideSolutionNode = FALSE
	EndGlobalSection
	GlobalSection(ExtensibilityGlobals) = postSolution
		SolutionGuid = {7A765CC7-CF8B-4496-897D-9B39219E7B04}
	EndGlobalSection
EndGlobal
